
Microsoft Visual Studio Solution File, Format Version 12.00
# Visual Studio 15
VisualStudioVersion = 15.0.27004.2010
MinimumVisualStudioVersion = 10.0.40219.1
Project("{FAE04EC0-301F-11D3-BF4B-00C04F79EFBC}") = "NWSACache", "NWSACache\NWSACache.csproj", "{23DE5858-3C9D-4656-A9F7-9E2875FB50F7}"
EndProject
Project("{FAE04EC0-301F-11D3-BF4B-00C04F79EFBC}") = "CacheTestClient", "CacheTestClient\CacheTestClient.csproj", "{A2CEBD19-35A8-4290-98C8-4C48ACBCB914}"
EndProject
Project("{FAE04EC0-301F-11D3-BF4B-00C04F79EFBC}") = "UnitTestForCache", "UnitTestForCache\UnitTestForCache.csproj", "{C2A79762-D92C-4DCD-9EF5-3992987BDA18}"
EndProject
Global
	GlobalSection(SolutionConfigurationPlatforms) = preSolution
		Debug|Any CPU = Debug|Any CPU
		Release|Any CPU = Release|Any CPU
	EndGlobalSection
	GlobalSection(ProjectConfigurationPlatforms) = postSolution
		{23DE5858-3C9D-4656-A9F7-9E2875FB50F7}.Debug|Any CPU.ActiveCfg = Debug|Any CPU
		{23DE5858-3C9D-4656-A9F7-9E2875FB50F7}.Debug|Any CPU.Build.0 = Debug|Any CPU
		{23DE5858-3C9D-4656-A9F7-9E2875FB50F7}.Release|Any CPU.ActiveCfg = Release|Any CPU
		{23DE5858-3C9D-4656-A9F7-9E2875FB50F7}.Release|Any CPU.Build.0 = Release|Any CPU
		{A2CEBD19-35A8-4290-98C8-4C48ACBCB914}.Debug|Any CPU.ActiveCfg = Debug|Any CPU
		{A2CEBD19-35A8-4290-98C8-4C48ACBCB914}.Debug|Any CPU.Build.0 = Debug|Any CPU
		{A2CEBD19-35A8-4290-98C8-4C48ACBCB914}.Release|Any CPU.ActiveCfg = Release|Any CPU
		{A2CEBD19-35A8-4290-98C8-4C48ACBCB914}.Release|Any CPU.Build.0 = Release|Any CPU
		{C2A79762-D92C-4DCD-9EF5-3992987BDA18}.Debug|Any CPU.ActiveCfg = Debug|Any CPU
		{C2A79762-D92C-4DCD-9EF5-3992987BDA18}.Debug|Any CPU.Build.0 = Debug|Any CPU
		{C2A79762-D92C-4DCD-9EF5-3992987BDA18}.Release|Any CPU.ActiveCfg = Release|Any CPU
		{C2A79762-D92C-4DCD-9EF5-3992987BDA18}.Release|Any CPU.Build.0 = Release|Any CPU
	EndGlobalSection
	GlobalSection(SolutionProperties) = preSolution
		HideSolutionNode = FALSE
	EndGlobalSection
	GlobalSection(ExtensibilityGlobals) = postSolution
		SolutionGuid = {714DD24B-DF90-4A94-8C07-4EC3A2AC5583}
	EndGlobalSection
EndGlobal
